
Microsoft Visual Studio Solution File, Format Version 12.00
# Visual Studio Version 16
VisualStudioVersion = 16.0.31613.86
MinimumVisualStudioVersion = 10.0.40219.1
Project("{9A19103F-16F7-4668-BE54-9A1E7A4F7556}") = "InfoGaceta", "InfoGaceta\InfoGaceta.csproj", "{8C4ADCA3-D3C3-4D33-89DF-F9991CD69284}"
EndProject
Global
	GlobalSection(SolutionConfigurationPlatforms) = preSolution
		Debug|Any CPU = Debug|Any CPU
		Release|Any CPU = Release|Any CPU
	EndGlobalSection
	GlobalSection(ProjectConfigurationPlatforms) = postSolution
		{8C4ADCA3-D3C3-4D33-89DF-F9991CD69284}.Debug|Any CPU.ActiveCfg = Debug|Any CPU
		{8C4ADCA3-D3C3-4D33-89DF-F9991CD69284}.Debug|Any CPU.Build.0 = Debug|Any CPU
		{8C4ADCA3-D3C3-4D33-89DF-F9991CD69284}.Release|Any CPU.ActiveCfg = Release|Any CPU
		{8C4ADCA3-D3C3-4D33-89DF-F9991CD69284}.Release|Any CPU.Build.0 = Release|Any CPU
	EndGlobalSection
	GlobalSection(SolutionProperties) = preSolution
		HideSolutionNode = FALSE
	EndGlobalSection
	GlobalSection(ExtensibilityGlobals) = postSolution
		SolutionGuid = {1F398923-5186-4276-A444-7E9BDFA1BEC4}
	EndGlobalSection
EndGlobal
